// !$*UTF8*$!
{
	archiveVersion = 1;
	classes = {
	};
	objectVersion = 46;
	objects = {

/* Begin PBXBuildFile section */
		7330DD6A1D3410C40010F943 /* CustomTableViewCell.swift in Sources */ = {isa = PBXBuildFile; fileRef = 7330DD5F1D3410C40010F943 /* CustomTableViewCell.swift */; };
		7330DD6B1D3410C40010F943 /* CustomTableViewCell.xib in Resources */ = {isa = PBXBuildFile; fileRef = 7330DD601D3410C40010F943 /* CustomTableViewCell.xib */; };
		7330DD6C1D3410C40010F943 /* DataObject.swift in Sources */ = {isa = PBXBuildFile; fileRef = 7330DD621D3410C40010F943 /* DataObject.swift */; };
		7330DD6D1D3410C40010F943 /* example.json in Resources */ = {isa = PBXBuildFile; fileRef = 7330DD631D3410C40010F943 /* example.json */; };
		7330DD6E1D3410C40010F943 /* LaunchScreen.storyboard in Resources */ = {isa = PBXBuildFile; fileRef = 7330DD651D3410C40010F943 /* LaunchScreen.storyboard */; };
		7330DD6F1D3410C40010F943 /* Main.storyboard in Resources */ = {isa = PBXBuildFile; fileRef = 7330DD661D3410C40010F943 /* Main.storyboard */; };
		7330DD701D3410C40010F943 /* PreviewViewController.swift in Sources */ = {isa = PBXBuildFile; fileRef = 7330DD681D3410C40010F943 /* PreviewViewController.swift */; };
		7330DD711D3410C40010F943 /* ViewController.swift in Sources */ = {isa = PBXBuildFile; fileRef = 7330DD691D3410C40010F943 /* ViewController.swift */; };
		C5CC14861D2997090072D66E /* AppDelegate.swift in Sources */ = {isa = PBXBuildFile; fileRef = C5CC14851D2997090072D66E /* AppDelegate.swift */; };
		C5CC148C1D29972E0072D66E /* Assets.xcassets in Resources */ = {isa = PBXBuildFile; fileRef = C5CC148B1D29972E0072D66E /* Assets.xcassets */; };
		C5CC148E1D29974F0072D66E /* Info.plist in Resources */ = {isa = PBXBuildFile; fileRef = C5CC148D1D29974F0072D66E /* Info.plist */; };
/* End PBXBuildFile section */

/* Begin PBXFileReference section */
		7330DD5F1D3410C40010F943 /* CustomTableViewCell.swift */ = {isa = PBXFileReference; fileEncoding = 4; lastKnownFileType = sourcecode.swift; path = CustomTableViewCell.swift; sourceTree = "<group>"; };
		7330DD601D3410C40010F943 /* CustomTableViewCell.xib */ = {isa = PBXFileReference; fileEncoding = 4; lastKnownFileType = file.xib; path = CustomTableViewCell.xib; sourceTree = "<group>"; };
		7330DD621D3410C40010F943 /* DataObject.swift */ = {isa = PBXFileReference; fileEncoding = 4; lastKnownFileType = sourcecode.swift; path = DataObject.swift; sourceTree = "<group>"; };
		7330DD631D3410C40010F943 /* example.json */ = {isa = PBXFileReference; fileEncoding = 4; lastKnownFileType = text.json; path = example.json; sourceTree = "<group>"; };
		7330DD651D3410C40010F943 /* LaunchScreen.storyboard */ = {isa = PBXFileReference; fileEncoding = 4; lastKnownFileType = file.storyboard; path = LaunchScreen.storyboard; sourceTree = "<group>"; };
		7330DD661D3410C40010F943 /* Main.storyboard */ = {isa = PBXFileReference; fileEncoding = 4; lastKnownFileType = file.storyboard; path = Main.storyboard; sourceTree = "<group>"; };
		7330DD681D3410C40010F943 /* PreviewViewController.swift */ = {isa = PBXFileReference; fileEncoding = 4; lastKnownFileType = sourcecode.swift; path = PreviewViewController.swift; sourceTree = "<group>"; };
		7330DD691D3410C40010F943 /* ViewController.swift */ = {isa = PBXFileReference; fileEncoding = 4; lastKnownFileType = sourcecode.swift; path = ViewController.swift; sourceTree = "<group>"; };
		C54FF7901D195133001F9882 /* JSONParsing.app */ = {isa = PBXFileReference; explicitFileType = wrapper.application; includeInIndex = 0; path = JSONParsing.app; sourceTree = BUILT_PRODUCTS_DIR; };
		C5CC14851D2997090072D66E /* AppDelegate.swift */ = {isa = PBXFileReference; fileEncoding = 4; lastKnownFileType = sourcecode.swift; name = AppDelegate.swift; path = JSONParsing/AppDelegate.swift; sourceTree = SOURCE_ROOT; };
		C5CC148B1D29972E0072D66E /* Assets.xcassets */ = {isa = PBXFileReference; lastKnownFileType = folder.assetcatalog; name = Assets.xcassets; path = JSONParsing/Assets.xcassets; sourceTree = "<group>"; };
		C5CC148D1D29974F0072D66E /* Info.plist */ = {isa = PBXFileReference; fileEncoding = 4; lastKnownFileType = text.plist.xml; name = Info.plist; path = JSONParsing/Info.plist; sourceTree = SOURCE_ROOT; };
/* End PBXFileReference section */

/* Begin PBXFrameworksBuildPhase section */
		C54FF78D1D195133001F9882 /* Frameworks */ = {
			isa = PBXFrameworksBuildPhase;
			buildActionMask = 2147483647;
			files = (
			);
			runOnlyForDeploymentPostprocessing = 0;
		};
/* End PBXFrameworksBuildPhase section */

/* Begin PBXGroup section */
		7330DD5E1D3410C40010F943 /* CustomCells */ = {
			isa = PBXGroup;
			children = (
				7330DD5F1D3410C40010F943 /* CustomTableViewCell.swift */,
				7330DD601D3410C40010F943 /* CustomTableViewCell.xib */,
			);
			name = CustomCells;
			path = JSONParsing/CustomCells;
			sourceTree = SOURCE_ROOT;
		};
		7330DD611D3410C40010F943 /* Data */ = {
			isa = PBXGroup;
			children = (
				7330DD621D3410C40010F943 /* DataObject.swift */,
				7330DD631D3410C40010F943 /* example.json */,
			);
			name = Data;
			path = JSONParsing/Data;
			sourceTree = SOURCE_ROOT;
		};
		7330DD641D3410C40010F943 /* StoryBoard */ = {
			isa = PBXGroup;
			children = (
				7330DD651D3410C40010F943 /* LaunchScreen.storyboard */,
				7330DD661D3410C40010F943 /* Main.storyboard */,
			);
			name = StoryBoard;
			path = JSONParsing/StoryBoard;
			sourceTree = SOURCE_ROOT;
		};
		7330DD671D3410C40010F943 /* ViewControllers */ = {
			isa = PBXGroup;
			children = (
				7330DD691D3410C40010F943 /* ViewController.swift */,
				7330DD681D3410C40010F943 /* PreviewViewController.swift */,
			);
			name = ViewControllers;
			path = JSONParsing/ViewControllers;
			sourceTree = SOURCE_ROOT;
		};
		C54FF7871D195133001F9882 = {
			isa = PBXGroup;
			children = (
				C54FF7921D195134001F9882 /* JSONParsing */,
				C5CC148B1D29972E0072D66E /* Assets.xcassets */,
				C54FF7911D195133001F9882 /* Products */,
			);
			sourceTree = "<group>";
		};
		C54FF7911D195133001F9882 /* Products */ = {
			isa = PBXGroup;
			children = (
				C54FF7901D195133001F9882 /* JSONParsing.app */,
			);
			name = Products;
			sourceTree = "<group>";
		};
		C54FF7921D195134001F9882 /* JSONParsing */ = {
			isa = PBXGroup;
			children = (
				7330DD5E1D3410C40010F943 /* CustomCells */,
				7330DD611D3410C40010F943 /* Data */,
				7330DD641D3410C40010F943 /* StoryBoard */,
				7330DD671D3410C40010F943 /* ViewControllers */,
				C5CC148D1D29974F0072D66E /* Info.plist */,
				C5CC14851D2997090072D66E /* AppDelegate.swift */,
			);
			name = JSONParsing;
			path = JsonTest;
			sourceTree = "<group>";
		};
/* End PBXGroup section */

/* Begin PBXNativeTarget section */
		C54FF78F1D195133001F9882 /* JSONParsing */ = {
			isa = PBXNativeTarget;
			buildConfigurationList = C54FF7A51D195134001F9882 /* Build configuration list for PBXNativeTarget "JSONParsing" */;
			buildPhases = (
				C54FF78C1D195133001F9882 /* Sources */,
				C54FF78D1D195133001F9882 /* Frameworks */,
				C54FF78E1D195133001F9882 /* Resources */,
			);
			buildRules = (
			);
			dependencies = (
			);
			name = JSONParsing;
			productName = JsonTest;
			productReference = C54FF7901D195133001F9882 /* JSONParsing.app */;
			productType = "com.apple.product-type.application";
		};
/* End PBXNativeTarget section */

/* Begin PBXProject section */
		C54FF7881D195133001F9882 /* Project object */ = {
			isa = PBXProject;
			attributes = {
				LastSwiftUpdateCheck = 0730;
				LastUpgradeCheck = 0730;
				ORGANIZATIONNAME = Sanchika;
				TargetAttributes = {
					C54FF78F1D195133001F9882 = {
						CreatedOnToolsVersion = 7.3;
					};
				};
			};
			buildConfigurationList = C54FF78B1D195133001F9882 /* Build configuration list for PBXProject "JSONParsing" */;
			compatibilityVersion = "Xcode 3.2";
			developmentRegion = English;
			hasScannedForEncodings = 0;
			knownRegions = (
				en,
				Base,
			);
			mainGroup = C54FF7871D195133001F9882;
			productRefGroup = C54FF7911D195133001F9882 /* Products */;
			projectDirPath = "";
			projectRoot = "";
			targets = (
				C54FF78F1D195133001F9882 /* JSONParsing */,
			);
		};
/* End PBXProject section */

/* Begin PBXResourcesBuildPhase section */
		C54FF78E1D195133001F9882 /* Resources */ = {
			isa = PBXResourcesBuildPhase;
			buildActionMask = 2147483647;
			files = (
				7330DD6D1D3410C40010F943 /* example.json in Resources */,
				C5CC148E1D29974F0072D66E /* Info.plist in Resources */,
				C5CC148C1D29972E0072D66E /* Assets.xcassets in Resources */,
				7330DD6F1D3410C40010F943 /* Main.storyboard in Resources */,
				7330DD6E1D3410C40010F943 /* LaunchScreen.storyboard in Resources */,
				7330DD6B1D3410C40010F943 /* CustomTableViewCell.xib in Resources */,
			);
			runOnlyForDeploymentPostprocessing = 0;
		};
/* End PBXResourcesBuildPhase section */

/* Begin PBXSourcesBuildPhase section */
		C54FF78C1D195133001F9882 /* Sources */ = {
			isa = PBXSourcesBuildPhase;
			buildActionMask = 2147483647;
			files = (
				7330DD711D3410C40010F943 /* ViewController.swift in Sources */,
				7330DD6A1D3410C40010F943 /* CustomTableViewCell.swift in Sources */,
				7330DD6C1D3410C40010F943 /* DataObject.swift in Sources */,
				C5CC14861D2997090072D66E /* AppDelegate.swift in Sources */,
				7330DD701D3410C40010F943 /* PreviewViewController.swift in Sources */,
			);
			runOnlyForDeploymentPostprocessing = 0;
		};
/* End PBXSourcesBuildPhase section */

/* Begin XCBuildConfiguration section */
		C54FF7A31D195134001F9882 /* Debug */ = {
			isa = XCBuildConfiguration;
			buildSettings = {
				ALWAYS_SEARCH_USER_PATHS = NO;
				CLANG_ANALYZER_NONNULL = YES;
				CLANG_CXX_LANGUAGE_STANDARD = "gnu++0x";
				CLANG_CXX_LIBRARY = "libc++";
				CLANG_ENABLE_MODULES = YES;
				CLANG_ENABLE_OBJC_ARC = YES;
				CLANG_WARN_BOOL_CONVERSION = YES;
				CLANG_WARN_CONSTANT_CONVERSION = YES;
				CLANG_WARN_DIRECT_OBJC_ISA_USAGE = YES_ERROR;
				CLANG_WARN_EMPTY_BODY = YES;
				CLANG_WARN_ENUM_CONVERSION = YES;
				CLANG_WARN_INT_CONVERSION = YES;
				CLANG_WARN_OBJC_ROOT_CLASS = YES_ERROR;
				CLANG_WARN_UNREACHABLE_CODE = YES;
				CLANG_WARN__DUPLICATE_METHOD_MATCH = YES;
				"CODE_SIGN_IDENTITY[sdk=iphoneos*]" = "iPhone Developer";
				COPY_PHASE_STRIP = NO;
				DEBUG_INFORMATION_FORMAT = dwarf;
				ENABLE_STRICT_OBJC_MSGSEND = YES;
				ENABLE_TESTABILITY = YES;
				GCC_C_LANGUAGE_STANDARD = gnu99;
				GCC_DYNAMIC_NO_PIC = NO;
				GCC_NO_COMMON_BLOCKS = YES;
				GCC_OPTIMIZATION_LEVEL = 0;
				GCC_PREPROCESSOR_DEFINITIONS = (
					"DEBUG=1",
					"$(inherited)",
				);
				GCC_WARN_64_TO_32_BIT_CONVERSION = YES;
				GCC_WARN_ABOUT_RETURN_TYPE = YES_ERROR;
				GCC_WARN_UNDECLARED_SELECTOR = YES;
				GCC_WARN_UNINITIALIZED_AUTOS = YES_AGGRESSIVE;
				GCC_WARN_UNUSED_FUNCTION = YES;
				GCC_WARN_UNUSED_VARIABLE = YES;
				IPHONEOS_DEPLOYMENT_TARGET = 9.3;
				MTL_ENABLE_DEBUG_INFO = YES;
				ONLY_ACTIVE_ARCH = YES;
				SDKROOT = iphoneos;
				SWIFT_OPTIMIZATION_LEVEL = "-Onone";
				TARGETED_DEVICE_FAMILY = "1,2";
			};
			name = Debug;
		};
		C54FF7A41D195134001F9882 /* Release */ = {
			isa = XCBuildConfiguration;
			buildSettings = {
				ALWAYS_SEARCH_USER_PATHS = NO;
				CLANG_ANALYZER_NONNULL = YES;
				CLANG_CXX_LANGUAGE_STANDARD = "gnu++0x";
				CLANG_CXX_LIBRARY = "libc++";
				CLANG_ENABLE_MODULES = YES;
				CLANG_ENABLE_OBJC_ARC = YES;
				CLANG_WARN_BOOL_CONVERSION = YES;
				CLANG_WARN_CONSTANT_CONVERSION = YES;
				CLANG_WARN_DIRECT_OBJC_ISA_USAGE = YES_ERROR;
				CLANG_WARN_EMPTY_BODY = YES;
				CLANG_WARN_ENUM_CONVERSION = YES;
				CLANG_WARN_INT_CONVERSION = YES;
				CLANG_WARN_OBJC_ROOT_CLASS = YES_ERROR;
				CLANG_WARN_UNREACHABLE_CODE = YES;
				CLANG_WARN__DUPLICATE_METHOD_MATCH = YES;
				"CODE_SIGN_IDENTITY[sdk=iphoneos*]" = "iPhone Developer";
				COPY_PHASE_STRIP = NO;
				DEBUG_INFORMATION_FORMAT = "dwarf-with-dsym";
				ENABLE_NS_ASSERTIONS = NO;
				ENABLE_STRICT_OBJC_MSGSEND = YES;
				GCC_C_LANGUAGE_STANDARD = gnu99;
				GCC_NO_COMMON_BLOCKS = YES;
				GCC_WARN_64_TO_32_BIT_CONVERSION = YES;
				GCC_WARN_ABOUT_RETURN_TYPE = YES_ERROR;
				GCC_WARN_UNDECLARED_SELECTOR = YES;
				GCC_WARN_UNINITIALIZED_AUTOS = YES_AGGRESSIVE;
				GCC_WARN_UNUSED_FUNCTION = YES;
				GCC_WARN_UNUSED_VARIABLE = YES;
				IPHONEOS_DEPLOYMENT_TARGET = 9.3;
				MTL_ENABLE_DEBUG_INFO = NO;
				SDKROOT = iphoneos;
				TARGETED_DEVICE_FAMILY = "1,2";
				VALIDATE_PRODUCT = YES;
			};
			name = Release;
		};
		C54FF7A61D195134001F9882 /* Debug */ = {
			isa = XCBuildConfiguration;
			buildSettings = {
				ASSETCATALOG_COMPILER_APPICON_NAME = AppIcon;
				INFOPLIST_FILE = "$(SRCROOT)/JSONParsing/Info.plist";
				LD_RUNPATH_SEARCH_PATHS = "$(inherited) @executable_path/Frameworks";
				PRODUCT_BUNDLE_IDENTIFIER = sanchika.JSONParsing;
				PRODUCT_NAME = JSONParsing;
			};
			name = Debug;
		};
		C54FF7A71D195134001F9882 /* Release */ = {
			isa = XCBuildConfiguration;
			buildSettings = {
				ASSETCATALOG_COMPILER_APPICON_NAME = AppIcon;
				INFOPLIST_FILE = "$(SRCROOT)/JSONParsing/Info.plist";
				LD_RUNPATH_SEARCH_PATHS = "$(inherited) @executable_path/Frameworks";
				PRODUCT_BUNDLE_IDENTIFIER = sanchika.JSONParsing;
				PRODUCT_NAME = JSONParsing;
			};
			name = Release;
		};
/* End XCBuildConfiguration section */

/* Begin XCConfigurationList section */
		C54FF78B1D195133001F9882 /* Build configuration list for PBXProject "JSONParsing" */ = {
			isa = XCConfigurationList;
			buildConfigurations = (
				C54FF7A31D195134001F9882 /* Debug */,
				C54FF7A41D195134001F9882 /* Release */,
			);
			defaultConfigurationIsVisible = 0;
			defaultConfigurationName = Release;
		};
		C54FF7A51D195134001F9882 /* Build configuration list for PBXNativeTarget "JSONParsing" */ = {
			isa = XCConfigurationList;
			buildConfigurations = (
				C54FF7A61D195134001F9882 /* Debug */,
				C54FF7A71D195134001F9882 /* Release */,
			);
			defaultConfigurationIsVisible = 0;
			defaultConfigurationName = Release;
		};
/* End XCConfigurationList section */
	};
	rootObject = C54FF7881D195133001F9882 /* Project object */;
}
